PODS:
  - Flutter (1.0.0)
  - flutter_secure_storage_darwin (10.0.0):
    - Flutter
    - FlutterMacOS
  - geolocator_apple (1.2.0):
    - Flutter
    - FlutterMacOS
  - mapbox_maps_flutter (2.30.0):
    - Flutter
    - MapboxMaps (= 11.30.0)
    - Turf (= 4.0.0)
  - MapboxCommon (24.30.0):
    - Turf (= 4.0.0)
  - MapboxCoreMaps (11.30.0):
    - MapboxCommon (= 24.30.0)
  - MapboxMaps (11.30.0):
    - MapboxCommon (= 24.30.0)
    - MapboxCoreMaps (= 11.30.0)
    - Turf (= 4.0.0)
  - package_info_plus (0.4.5):
    - Flutter
  - permission_handler_apple (9.4.8):
    - Flutter
  - sensors_plus (0.0.1):
    - Flutter
  - share_plus (0.0.1):
    - Flutter
  - Turf (4.0.0)

DEPENDENCIES:
  - Flutter (from `Flutter`)
  - flutter_secure_storage_darwin (from `.symlinks/plugins/flutter_secure_storage_darwin/darwin`)
  - geolocator_apple (from `.symlinks/plugins/geolocator_apple/darwin`)
  - mapbox_maps_flutter (from `.symlinks/plugins/mapbox_maps_flutter/ios`)
  - package_info_plus (from `.symlinks/plugins/package_info_plus/ios`)
  - permission_handler_apple (from `.symlinks/plugins/permission_handler_apple/ios`)
  - sensors_plus (from `.symlinks/plugins/sensors_plus/ios`)
  - share_plus (from `.symlinks/plugins/share_plus/ios`)

SPEC REPOS:
  trunk:
    - MapboxCommon
    - MapboxCoreMaps
    - MapboxMaps
    - Turf

EXTERNAL SOURCES:
  Flutter:
    :path: Flutter
  flutter_secure_storage_darwin:
    :path: ".symlinks/plugins/flutter_secure_storage_darwin/darwin"
  geolocator_apple:
    :path: ".symlinks/plugins/geolocator_apple/darwin"
  mapbox_maps_flutter:
    :path: ".symlinks/plugins/mapbox_maps_flutter/ios"
  package_info_plus:
    :path: ".symlinks/plugins/package_info_plus/ios"
  permission_handler_apple:
    :path: ".symlinks/plugins/permission_handler_apple/ios"
  sensors_plus:
    :path: ".symlinks/plugins/sensors_plus/ios"
  share_plus:
    :path: ".symlinks/plugins/share_plus/ios"

SPEC CHECKSUMS:
  Flutter: cabc95a1d2626b1b06e7179b784ebcf0c0cde467
  flutter_secure_storage_darwin: 557817588b80e60213cbecb573c45c76b788018d
  geolocator_apple: 66b711889fd333205763b83c9dcf0a57a28c7afd
  mapbox_maps_flutter: 164a873f9bc3fe34f3deaaf75dfab4d9fdadb33a
  MapboxCommon: 7d468c3560870b39bcc91b8e7236fb6d0812d561
  MapboxCoreMaps: b67076451e6588e035806309c8daa92f12876091
  MapboxMaps: 636f56ee4409d1779026d5eb96eaf84817e2eebf
  package_info_plus: c0502532a26c7662a62a356cebe2692ec5fe4ec4
  permission_handler_apple: ee2fe0fd04551b304eb002714ff067c371c822ed
  sensors_plus: c218c5335a0c9169ad70dfcb51b96cc395b3406a
  share_plus: 8b6f8b3447e494cca5317c8c3073de39b3600d1f
  Turf: c9eb11a65d96af58cac523460fd40fec5061b081

PODFILE CHECKSUM: b7c5cb0fcdc207c525ce4742dadd5edc32a0cc41

COCOAPODS: 1.16.2
